
Microsoft Visual Studio Solution File, Format Version 12.00
# Visual Studio Version 16
VisualStudioVersion = 16.0.29728.190
MinimumVisualStudioVersion = 10.0.40219.1
Project("{FAE04EC0-301F-11D3-BF4B-00C04F79EFBC}") = "V6Shop.WebApp", "V6Shop.WebApp\V6Shop.WebApp.csproj", "{73DB9E9C-44B7-430C-90A5-B7EFA136B315}"
EndProject
Global
	GlobalSection(SolutionConfigurationPlatforms) = preSolution
		Debug|Any CPU = Debug|Any CPU
		Release|Any CPU = Release|Any CPU
	EndGlobalSection
	GlobalSection(ProjectConfigurationPlatforms) = postSolution
		{73DB9E9C-44B7-430C-90A5-B7EFA136B315}.Debug|Any CPU.ActiveCfg = Debug|Any CPU
		{73DB9E9C-44B7-430C-90A5-B7EFA136B315}.Debug|Any CPU.Build.0 = Debug|Any CPU
		{73DB9E9C-44B7-430C-90A5-B7EFA136B315}.Release|Any CPU.ActiveCfg = Release|Any CPU
		{73DB9E9C-44B7-430C-90A5-B7EFA136B315}.Release|Any CPU.Build.0 = Release|Any CPU
	EndGlobalSection
	GlobalSection(SolutionProperties) = preSolution
		HideSolutionNode = FALSE
	EndGlobalSection
	GlobalSection(ExtensibilityGlobals) = postSolution
		SolutionGuid = {AA099401-2EAC-4404-A912-855ABDB15638}
	EndGlobalSection
EndGlobal
